<?xml version="1.0" encoding="utf-8"?>
<Project ToolsVersion="4.0" xmlns="http://schemas.microsoft.com/developer/msbuild/2003">
  <ItemGroup>
    <Filter Include="Source Files">
      <UniqueIdentifier>{4FC737F1-C7A5-4376-A066-2A32D752A2FF}</UniqueIdentifier>
      <Extensions>cpp;c;cc;cxx;c++;cppm;ixx;def;odl;idl;hpj;bat;asm;asmx</Extensions>
    </Filter>
    <Filter Include="Header Files">
      <UniqueIdentifier>{93995380-89BD-4b04-88EB-625FBE52EBFB}</UniqueIdentifier>
      <Extensions>h;hh;hpp;hxx;h++;hm;inl;inc;ipp;xsd</Extensions>
    </Filter>
    <Filter Include="Resource Files">
      <UniqueIdentifier>{67DA6AB6-F800-4c08-8B7A-83BB121AAD01}</UniqueIdentifier>
      <Extensions>rc;ico;cur;bmp;dlg;rc2;rct;bin;rgs;gif;jpg;jpeg;jpe;resx;tiff;tif;png;wav;mfcribbon-ms</Extensions>
    </Filter>
    <Filter Include="Header Files\ENGINES">
      <UniqueIdentifier>{fd8522f2-a02e-4282-acb1-4bb7401ea35e}</UniqueIdentifier>
    </Filter>
    <Filter Include="Header Files\Testing">
      <UniqueIdentifier>{e14b57b0-825d-4d67-8f5e-4e19bc8bd76f}</UniqueIdentifier>
    </Filter>
    <Filter Include="Header Files\BANKS">
      <UniqueIdentifier>{29b85bcd-401c-4af1-bb09-66a56e0e393d}</UniqueIdentifier>
    </Filter>
  </ItemGroup>
  <ItemGroup>
    <ClCompile Include="GraphForm.cpp">
      <Filter>Source Files</Filter>
    </ClCompile>
    <ClCompile Include="MapForm.cpp">
      <Filter>Source Files</Filter>
    </ClCompile>
    <ClCompile Include="SolutionsMain.cpp">
      <Filter>Source Files</Filter>
    </ClCompile>
    <ClCompile Include="NewMainForm.cpp">
      <Filter>Source Files</Filter>
    </ClCompile>
    <ClCompile Include="Info.cpp">
      <Filter>Source Files</Filter>
    </ClCompile>
  </ItemGroup>
  <ItemGroup>
    <ClInclude Include="GraphForm.h">
      <Filter>Header Files</Filter>
    </ClInclude>
    <ClInclude Include="MapForm.h">
      <Filter>Header Files</Filter>
    </ClInclude>
    <ClInclude Include="SolutionsMain.h">
      <Filter>Header Files</Filter>
    </ClInclude>
    <ClInclude Include="NewMainForm.h">
      <Filter>Header Files</Filter>
    </ClInclude>
    <ClInclude Include="BAT.h">
      <Filter>Header Files\ENGINES</Filter>
    </ClInclude>
    <ClInclude Include="Globals.h">
      <Filter>Header Files\BANKS</Filter>
    </ClInclude>
    <ClInclude Include="GrapPlot.h">
      <Filter>Header Files\ENGINES</Filter>
    </ClInclude>
    <ClInclude Include="HalfIncludes.h">
      <Filter>Header Files\BANKS</Filter>
    </ClInclude>
    <ClInclude Include="ShortestPathVaribles.h">
      <Filter>Header Files\ENGINES</Filter>
    </ClInclude>
    <ClInclude Include="SolutionOutFormat.h">
      <Filter>Header Files\ENGINES</Filter>
    </ClInclude>
    <ClInclude Include="RestraintsConfig.h">
      <Filter>Header Files\ENGINES</Filter>
    </ClInclude>
    <ClInclude Include="BatIncludes.h">
      <Filter>Header Files\BANKS</Filter>
    </ClInclude>
    <ClInclude Include="SolutionFormat.h">
      <Filter>Header Files\BANKS</Filter>
    </ClInclude>
    <ClInclude Include="FlagDebug.h">
      <Filter>Header Files\BANKS</Filter>
    </ClInclude>
    <ClInclude Include="CoefficientImprovement.h">
      <Filter>Header Files\ENGINES</Filter>
    </ClInclude>
    <ClInclude Include="Info.h">
      <Filter>Header Files</Filter>
    </ClInclude>
  </ItemGroup>
</Project>